# This file is automatically @generated by Cargo.
# It is not intended for manual editing.
version = 4

[[package]]
name = "cosa_cuadrado_numeros"
version = "0.1.0"
dependencies = [
 "sortedvec",
]

[[package]]
name = "sortedvec"
version = "0.5.0"
source = "registry+https://github.com/rust-lang/crates.io-index"
checksum = "5bef4346ba87965286c2167a1857add80c8aabed16e021ddb23c493793fc4f59"
